{
  "name": "@auraui/shared",
  "version": "0.0.0",
  "lockfileVersion": 3,
  "requires": true,
  "packages": {
    "": {
      "name": "@auraui/shared",
      "version": "0.0.0",
      "license": "MIT",
      "dependencies": {
        "@auraui/shared": "file:",
        "@types/lodash": "^4.17.7",
        "lodash": "^4.17.21"
      },
      "peerDependencies": {
        "vue": ">=3.0.0"
      }
    },
    "../../node_modules/.pnpm/@types+lodash@4.17.7/node_modules/@types/lodash": {
      "version": "4.17.7",
      "license": "MIT"
    },
    "../../node_modules/.pnpm/lodash@4.17.21/node_modules/lodash": {
      "version": "4.17.21",
      "license": "MIT"
    },
    "../../node_modules/.pnpm/vue@3.4.35_typescript@5.5.4/node_modules/vue": {
      "version": "3.4.35",
      "license": "MIT",
      "peer": true,
      "dependencies": {
        "@vue/compiler-dom": "3.4.35",
        "@vue/compiler-sfc": "3.4.35",
        "@vue/runtime-dom": "3.4.35",
        "@vue/server-renderer": "3.4.35",
        "@vue/shared": "3.4.35"
      },
      "peerDependencies": {
        "typescript": "*"
      },
      "peerDependenciesMeta": {
        "typescript": {
          "optional": true
        }
      }
    },
    "node_modules/@auraui/shared": {
      "resolved": "",
      "link": true
    },
    "node_modules/@types/lodash": {
      "resolved": "../../node_modules/.pnpm/@types+lodash@4.17.7/node_modules/@types/lodash",
      "link": true
    },
    "node_modules/lodash": {
      "resolved": "../../node_modules/.pnpm/lodash@4.17.21/node_modules/lodash",
      "link": true
    },
    "node_modules/vue": {
      "resolved": "../../node_modules/.pnpm/vue@3.4.35_typescript@5.5.4/node_modules/vue",
      "link": true
    }
  }
}
