{
  "name": "@auraui/shared",
  "version": "0.0.0",
  "lockfileVersion": 3,
  "requires": true,
  "packages": {
    "": {
      "name": "@auraui/shared",
      "version": "0.0.0",
      "license": "MIT",
      "dependencies": {
        "@auraui/shared": "file:"
      },
      "peerDependencies": {
        "vue": ">=3.0.0"
      }
    },
    "../../node_modules/.pnpm/vue@3.3.11_typescript@5.1.6/node_modules/vue": {
      "version": "3.3.11",
      "license": "MIT",
      "peer": true,
      "dependencies": {
        "@vue/compiler-dom": "3.3.11",
        "@vue/compiler-sfc": "3.3.11",
        "@vue/runtime-dom": "3.3.11",
        "@vue/server-renderer": "3.3.11",
        "@vue/shared": "3.3.11"
      },
      "peerDependencies": {
        "typescript": "*"
      },
      "peerDependenciesMeta": {
        "typescript": {
          "optional": true
        }
      }
    },
    "node_modules/@auraui/shared": {
      "resolved": "",
      "link": true
    },
    "node_modules/vue": {
      "resolved": "../../node_modules/.pnpm/vue@3.3.11_typescript@5.1.6/node_modules/vue",
      "link": true
    }
  }
}
